
Microsoft Visual Studio Solution File, Format Version 12.00
# Visual Studio Version 16
VisualStudioVersion = 16.0.31613.86
MinimumVisualStudioVersion = 10.0.40219.1
Project("{FAE04EC0-301F-11D3-BF4B-00C04F79EFBC}") = "BinaryReaderWriterDemo", "BinaryReaderWriterDemo.csproj", "{39E6B678-BCBE-4147-BC72-35CC60B426B2}"
EndProject
Global
	GlobalSection(SolutionConfigurationPlatforms) = preSolution
		Debug|Any CPU = Debug|Any CPU
		Release|Any CPU = Release|Any CPU
	EndGlobalSection
	GlobalSection(ProjectConfigurationPlatforms) = postSolution
		{39E6B678-BCBE-4147-BC72-35CC60B426B2}.Debug|Any CPU.ActiveCfg = Debug|Any CPU
		{39E6B678-BCBE-4147-BC72-35CC60B426B2}.Debug|Any CPU.Build.0 = Debug|Any CPU
		{39E6B678-BCBE-4147-BC72-35CC60B426B2}.Release|Any CPU.ActiveCfg = Release|Any CPU
		{39E6B678-BCBE-4147-BC72-35CC60B426B2}.Release|Any CPU.Build.0 = Release|Any CPU
	EndGlobalSection
	GlobalSection(SolutionProperties) = preSolution
		HideSolutionNode = FALSE
	EndGlobalSection
	GlobalSection(ExtensibilityGlobals) = postSolution
		SolutionGuid = {B0FB2F87-F64D-408A-B079-F91F2815FE93}
	EndGlobalSection
EndGlobal
